{
  "lockfileVersion": 1,
  "workspaces": {
    "": {
      "name": "buniter",
      "dependencies": {
        "@clack/prompts": "^0.9.1",
        "bun-plugin-tailwind": "^0.0.14",
        "zod": "^3.24.1",
      },
      "devDependencies": {
        "@types/bun": "^1.2.1",
        "prettier": "3.4.2",
      },
      "peerDependencies": {
        "typescript": "^5.7.3",
      },
    },
  },
  "packages": {
    "@clack/core": ["@clack/core@0.4.1", "", { "dependencies": { "picocolors": "^1.0.0", "sisteransi": "^1.0.5" } }, "sha512-Pxhij4UXg8KSr7rPek6Zowm+5M22rbd2g1nfojHJkxp5YkFqiZ2+YLEM/XGVIzvGOcM0nqjIFxrpDwWRZYWYjA=="],

    "@clack/prompts": ["@clack/prompts@0.9.1", "", { "dependencies": { "@clack/core": "0.4.1", "picocolors": "^1.0.0", "sisteransi": "^1.0.5" } }, "sha512-JIpyaboYZeWYlyP0H+OoPPxd6nqueG/CmN6ixBiNFsIDHREevjIf0n0Ohh5gr5C8pEDknzgvz+pIJ8dMhzWIeg=="],

    "@types/bun": ["@types/bun@1.2.1", "", { "dependencies": { "bun-types": "1.2.1" } }, "sha512-iiCeMAKMkft8EPQJxSbpVRD0DKqrh91w40zunNajce3nMNNFd/LnAquVisSZC+UpTMjDwtcdyzbWct08IvEqRA=="],

    "@types/node": ["@types/node@22.12.0", "", { "dependencies": { "undici-types": "~6.20.0" } }, "sha512-Fll2FZ1riMjNmlmJOdAyY5pUbkftXslB5DgEzlIuNaiWhXd00FhWxVC/r4yV/4wBb9JfImTu+jiSvXTkJ7F/gA=="],

    "@types/ws": ["@types/ws@8.5.14", "", { "dependencies": { "@types/node": "*" } }, "sha512-bd/YFLW+URhBzMXurx7lWByOu+xzU9+kb3RboOteXYDfW+tr+JZa99OyNmPINEGB/ahzKrEuc8rcv4gnpJmxTw=="],

    "bun-plugin-tailwind": ["bun-plugin-tailwind@0.0.14", "", { "dependencies": { "tailwindcss": "4.0.0-beta.9" }, "peerDependencies": { "typescript": "^5.0.0" } }, "sha512-Ge8M8DQsRDErCzH/uI8pYjx5vZWXxQvnwM/xMQMElxQqHieGbAopfYo/q/kllkPkRbFHiwhnHwTpRMAMJZCjug=="],

    "bun-types": ["bun-types@1.2.1", "", { "dependencies": { "@types/node": "*", "@types/ws": "~8.5.10" } }, "sha512-p7bmXUWmrPWxhcbFVk7oUXM5jAGt94URaoa3qf4mz43MEhNAo/ot1urzBqctgvuq7y9YxkuN51u+/qm4BiIsHw=="],

    "picocolors": ["picocolors@1.1.1", "", {}, "sha512-xceH2snhtb5M9liqDsmEw56le376mTZkEX/jEb/RxNFyegNul7eNslCXP9FDj/Lcu0X8KEyMceP2ntpaHrDEVA=="],

    "prettier": ["prettier@3.4.2", "", { "bin": { "prettier": "bin/prettier.cjs" } }, "sha512-e9MewbtFo+Fevyuxn/4rrcDAaq0IYxPGLvObpQjiZBMAzB9IGmzlnG9RZy3FFas+eBMu2vA0CszMeduow5dIuQ=="],

    "sisteransi": ["sisteransi@1.0.5", "", {}, "sha512-bLGGlR1QxBcynn2d5YmDX4MGjlZvy2MRBDRNHLJ8VI6l6+9FUiyTFNJ0IveOSP0bcXgVDPRcfGqA0pjaqUpfVg=="],

    "tailwindcss": ["tailwindcss@4.0.0-beta.9", "", {}, "sha512-96KpsfQi+/sFIOfyFnGzyy5pobuzf1iMBD9NVtelerPM/lPI2XUS4Kikw9yuKRniXXw77ov1sl7gCSKLsn6CJA=="],

    "typescript": ["typescript@5.7.3", "", { "bin": { "tsc": "bin/tsc", "tsserver": "bin/tsserver" } }, "sha512-84MVSjMEHP+FQRPy3pX9sTVV/INIex71s9TL2Gm5FG/WG1SqXeKyZ0k7/blY/4FdOzI12CBy1vGc4og/eus0fw=="],

    "undici-types": ["undici-types@6.20.0", "", {}, "sha512-Ny6QZ2Nju20vw1SRHe3d9jVu6gJ+4e3+MMpqu7pqE5HT6WsTSlce++GQmK5UXS8mzV8DSYHrQH+Xrf2jVcuKNg=="],

    "zod": ["zod@3.24.1", "", {}, "sha512-muH7gBL9sI1nciMZV67X5fTKKBLtwpZ5VBp1vsOQzj1MhrBZ4wlVCm3gedKZWLp0Oyel8sIGfeiz54Su+OVT+A=="],
  }
}
